
Microsoft Visual Studio Solution File, Format Version 12.00
# Visual Studio 15
VisualStudioVersion = 15.0.28307.1145
MinimumVisualStudioVersion = 10.0.40219.1
Project("{2150E333-8FDC-42A3-9474-1A3956D46DE8}") = "src", "src", "{520FEC99-99F1-4C5B-8553-867F744095C1}"
EndProject
Project("{2150E333-8FDC-42A3-9474-1A3956D46DE8}") = "Service", "Service", "{9D9D1EF6-1FB3-40D2-8E39-C536298CDCDC}"
EndProject
Project("{2150E333-8FDC-42A3-9474-1A3956D46DE8}") = "Teste", "Teste", "{899A51C7-F2A0-4A81-B051-C2C72FADCFD6}"
EndProject
Project("{FAE04EC0-301F-11D3-BF4B-00C04F79EFBC}") = "BookService", "src\Service\BookService\BookService.csproj", "{55923652-9B59-4CE1-807F-3FCB63BA9E31}"
EndProject
Project("{FAE04EC0-301F-11D3-BF4B-00C04F79EFBC}") = "BookServiceTests", "src\Teste\BookServiceTests\BookServiceTests.csproj", "{F19673DD-13C0-47D4-B101-9AE2BA143A65}"
EndProject
Global
	GlobalSection(SolutionConfigurationPlatforms) = preSolution
		Debug|Any CPU = Debug|Any CPU
		Release|Any CPU = Release|Any CPU
	EndGlobalSection
	GlobalSection(ProjectConfigurationPlatforms) = postSolution
		{55923652-9B59-4CE1-807F-3FCB63BA9E31}.Debug|Any CPU.ActiveCfg = Debug|Any CPU
		{55923652-9B59-4CE1-807F-3FCB63BA9E31}.Debug|Any CPU.Build.0 = Debug|Any CPU
		{55923652-9B59-4CE1-807F-3FCB63BA9E31}.Release|Any CPU.ActiveCfg = Release|Any CPU
		{55923652-9B59-4CE1-807F-3FCB63BA9E31}.Release|Any CPU.Build.0 = Release|Any CPU
		{F19673DD-13C0-47D4-B101-9AE2BA143A65}.Debug|Any CPU.ActiveCfg = Debug|Any CPU
		{F19673DD-13C0-47D4-B101-9AE2BA143A65}.Debug|Any CPU.Build.0 = Debug|Any CPU
		{F19673DD-13C0-47D4-B101-9AE2BA143A65}.Release|Any CPU.ActiveCfg = Release|Any CPU
		{F19673DD-13C0-47D4-B101-9AE2BA143A65}.Release|Any CPU.Build.0 = Release|Any CPU
	EndGlobalSection
	GlobalSection(SolutionProperties) = preSolution
		HideSolutionNode = FALSE
	EndGlobalSection
	GlobalSection(NestedProjects) = preSolution
		{9D9D1EF6-1FB3-40D2-8E39-C536298CDCDC} = {520FEC99-99F1-4C5B-8553-867F744095C1}
		{899A51C7-F2A0-4A81-B051-C2C72FADCFD6} = {520FEC99-99F1-4C5B-8553-867F744095C1}
		{55923652-9B59-4CE1-807F-3FCB63BA9E31} = {9D9D1EF6-1FB3-40D2-8E39-C536298CDCDC}
		{F19673DD-13C0-47D4-B101-9AE2BA143A65} = {899A51C7-F2A0-4A81-B051-C2C72FADCFD6}
	EndGlobalSection
	GlobalSection(ExtensibilityGlobals) = postSolution
		SolutionGuid = {8EF41C5B-FEC6-4B00-A15A-895056072083}
	EndGlobalSection
EndGlobal
