
Microsoft Visual Studio Solution File, Format Version 12.00
# Visual Studio Version 16
VisualStudioVersion = 16.0.30323.103
MinimumVisualStudioVersion = 10.0.40219.1
Project("{2150E333-8FDC-42A3-9474-1A3956D46DE8}") = "src", "src", "{B405E126-B55D-42C7-8348-7B5910DD6F8F}"
EndProject
Project("{2150E333-8FDC-42A3-9474-1A3956D46DE8}") = "Teste", "Teste", "{52C514DD-69FD-497A-87C2-3F8F0AC124A5}"
EndProject
Project("{2150E333-8FDC-42A3-9474-1A3956D46DE8}") = "Service", "Service", "{30FF92CC-EF28-4AA5-BB46-2DEB05B52936}"
EndProject
Project("{9A19103F-16F7-4668-BE54-9A1E7A4F7556}") = "BookService", "..\..\AppBook\src\Service\BookService\BookService.csproj", "{2CF8F6F6-C6BF-4C8F-A436-763B6F36BC93}"
EndProject
Project("{9A19103F-16F7-4668-BE54-9A1E7A4F7556}") = "BookServiceTests", "..\..\AppBook\src\Teste\BookServiceTests\BookServiceTests.csproj", "{1C562A34-58CC-4ED1-95C5-42CF5C28EBBE}"
EndProject
Global
	GlobalSection(SolutionConfigurationPlatforms) = preSolution
		Debug|Any CPU = Debug|Any CPU
		Release|Any CPU = Release|Any CPU
	EndGlobalSection
	GlobalSection(ProjectConfigurationPlatforms) = postSolution
		{2CF8F6F6-C6BF-4C8F-A436-763B6F36BC93}.Debug|Any CPU.ActiveCfg = Debug|Any CPU
		{2CF8F6F6-C6BF-4C8F-A436-763B6F36BC93}.Debug|Any CPU.Build.0 = Debug|Any CPU
		{2CF8F6F6-C6BF-4C8F-A436-763B6F36BC93}.Release|Any CPU.ActiveCfg = Release|Any CPU
		{2CF8F6F6-C6BF-4C8F-A436-763B6F36BC93}.Release|Any CPU.Build.0 = Release|Any CPU
		{1C562A34-58CC-4ED1-95C5-42CF5C28EBBE}.Debug|Any CPU.ActiveCfg = Debug|Any CPU
		{1C562A34-58CC-4ED1-95C5-42CF5C28EBBE}.Debug|Any CPU.Build.0 = Debug|Any CPU
		{1C562A34-58CC-4ED1-95C5-42CF5C28EBBE}.Release|Any CPU.ActiveCfg = Release|Any CPU
		{1C562A34-58CC-4ED1-95C5-42CF5C28EBBE}.Release|Any CPU.Build.0 = Release|Any CPU
	EndGlobalSection
	GlobalSection(SolutionProperties) = preSolution
		HideSolutionNode = FALSE
	EndGlobalSection
	GlobalSection(NestedProjects) = preSolution
		{52C514DD-69FD-497A-87C2-3F8F0AC124A5} = {B405E126-B55D-42C7-8348-7B5910DD6F8F}
		{30FF92CC-EF28-4AA5-BB46-2DEB05B52936} = {B405E126-B55D-42C7-8348-7B5910DD6F8F}
		{2CF8F6F6-C6BF-4C8F-A436-763B6F36BC93} = {30FF92CC-EF28-4AA5-BB46-2DEB05B52936}
		{1C562A34-58CC-4ED1-95C5-42CF5C28EBBE} = {52C514DD-69FD-497A-87C2-3F8F0AC124A5}
	EndGlobalSection
	GlobalSection(ExtensibilityGlobals) = postSolution
		SolutionGuid = {A2564375-796C-47B3-83D1-22A719184CAC}
	EndGlobalSection
EndGlobal
